
Microsoft Visual Studio Solution File, Format Version 12.00
# Visual Studio Version 17
VisualStudioVersion = 17.0.31903.59
MinimumVisualStudioVersion = 10.0.40219.1
Project("{FAE04EC0-301F-11D3-BF4B-00C04F79EFBC}") = "Neary.Server", "Neary.Server\Neary.Server.csproj", "{9AD8BF03-01B4-44C9-BC55-96D75C5ED0BE}"
EndProject
Project("{FAE04EC0-301F-11D3-BF4B-00C04F79EFBC}") = "Neary.Mobile", "Neary.Mobile\Neary.Mobile.csproj", "{07DF5204-5820-4893-8DC4-ADBA503B6863}"
EndProject
Global
	GlobalSection(SolutionConfigurationPlatforms) = preSolution
		Debug|Any CPU = Debug|Any CPU
		Debug|x64 = Debug|x64
		Debug|x86 = Debug|x86
		Release|Any CPU = Release|Any CPU
		Release|x64 = Release|x64
		Release|x86 = Release|x86
	EndGlobalSection
	GlobalSection(ProjectConfigurationPlatforms) = postSolution
		{9AD8BF03-01B4-44C9-BC55-96D75C5ED0BE}.Debug|Any CPU.ActiveCfg = Debug|Any CPU
		{9AD8BF03-01B4-44C9-BC55-96D75C5ED0BE}.Debug|Any CPU.Build.0 = Debug|Any CPU
		{9AD8BF03-01B4-44C9-BC55-96D75C5ED0BE}.Debug|x64.ActiveCfg = Debug|Any CPU
		{9AD8BF03-01B4-44C9-BC55-96D75C5ED0BE}.Debug|x64.Build.0 = Debug|Any CPU
		{9AD8BF03-01B4-44C9-BC55-96D75C5ED0BE}.Debug|x86.ActiveCfg = Debug|Any CPU
		{9AD8BF03-01B4-44C9-BC55-96D75C5ED0BE}.Debug|x86.Build.0 = Debug|Any CPU
		{9AD8BF03-01B4-44C9-BC55-96D75C5ED0BE}.Release|Any CPU.ActiveCfg = Release|Any CPU
		{9AD8BF03-01B4-44C9-BC55-96D75C5ED0BE}.Release|Any CPU.Build.0 = Release|Any CPU
		{9AD8BF03-01B4-44C9-BC55-96D75C5ED0BE}.Release|x64.ActiveCfg = Release|Any CPU
		{9AD8BF03-01B4-44C9-BC55-96D75C5ED0BE}.Release|x64.Build.0 = Release|Any CPU
		{9AD8BF03-01B4-44C9-BC55-96D75C5ED0BE}.Release|x86.ActiveCfg = Release|Any CPU
		{9AD8BF03-01B4-44C9-BC55-96D75C5ED0BE}.Release|x86.Build.0 = Release|Any CPU
		{07DF5204-5820-4893-8DC4-ADBA503B6863}.Debug|Any CPU.ActiveCfg = Debug|Any CPU
		{07DF5204-5820-4893-8DC4-ADBA503B6863}.Debug|Any CPU.Build.0 = Debug|Any CPU
		{07DF5204-5820-4893-8DC4-ADBA503B6863}.Debug|x64.ActiveCfg = Debug|Any CPU
		{07DF5204-5820-4893-8DC4-ADBA503B6863}.Debug|x64.Build.0 = Debug|Any CPU
		{07DF5204-5820-4893-8DC4-ADBA503B6863}.Debug|x86.ActiveCfg = Debug|Any CPU
		{07DF5204-5820-4893-8DC4-ADBA503B6863}.Debug|x86.Build.0 = Debug|Any CPU
		{07DF5204-5820-4893-8DC4-ADBA503B6863}.Release|Any CPU.ActiveCfg = Release|Any CPU
		{07DF5204-5820-4893-8DC4-ADBA503B6863}.Release|Any CPU.Build.0 = Release|Any CPU
		{07DF5204-5820-4893-8DC4-ADBA503B6863}.Release|x64.ActiveCfg = Release|Any CPU
		{07DF5204-5820-4893-8DC4-ADBA503B6863}.Release|x64.Build.0 = Release|Any CPU
		{07DF5204-5820-4893-8DC4-ADBA503B6863}.Release|x86.ActiveCfg = Release|Any CPU
		{07DF5204-5820-4893-8DC4-ADBA503B6863}.Release|x86.Build.0 = Release|Any CPU
	EndGlobalSection
	GlobalSection(SolutionProperties) = preSolution
		HideSolutionNode = FALSE
	EndGlobalSection
EndGlobal
